// !$*UTF8*$!
{
	archiveVersion = 1;
	classes = {
	};
	objectVersion = 55;
	objects = {

/* Begin PBXBuildFile section */
		1699853C27A1ABF300D08774 /* AppDelegate.swift in Sources */ = {isa = PBXBuildFile; fileRef = 1699853B27A1ABF300D08774 /* AppDelegate.swift */; };
		1699853E27A1ABF300D08774 /* SceneDelegate.swift in Sources */ = {isa = PBXBuildFile; fileRef = 1699853D27A1ABF300D08774 /* SceneDelegate.swift */; };
		1699854027A1ABF300D08774 /* ScannerViewController.swift in Sources */ = {isa = PBXBuildFile; fileRef = 1699853F27A1ABF300D08774 /* ScannerViewController.swift */; };
		1699854527A1ABF400D08774 /* Assets.xcassets in Resources */ = {isa = PBXBuildFile; fileRef = 1699854427A1ABF400D08774 /* Assets.xcassets */; };
		1699854827A1ABF400D08774 /* LaunchScreen.storyboard in Resources */ = {isa = PBXBuildFile; fileRef = 1699854627A1ABF400D08774 /* LaunchScreen.storyboard */; };
		1699855427A1D5CE00D08774 /* Coordinator.swift in Sources */ = {isa = PBXBuildFile; fileRef = 1699855327A1D5CE00D08774 /* Coordinator.swift */; };
		1699855A27A1DB4600D08774 /* ScannerCoordinator.swift in Sources */ = {isa = PBXBuildFile; fileRef = 1699855927A1DB4600D08774 /* ScannerCoordinator.swift */; };
		16BC5C5C27A32D8200260921 /* ScannerViewModel.swift in Sources */ = {isa = PBXBuildFile; fileRef = 16BC5C5B27A32D8200260921 /* ScannerViewModel.swift */; };
		16C886C027A6D2C3002BED49 /* UnsplashCoreData.xcdatamodeld in Sources */ = {isa = PBXBuildFile; fileRef = 16C886BE27A6D2C3002BED49 /* UnsplashCoreData.xcdatamodeld */; };
		16C886CF27A6D3A2002BED49 /* SearchResultEntity+CoreDataClass.swift in Sources */ = {isa = PBXBuildFile; fileRef = 16C886CD27A6D3A2002BED49 /* SearchResultEntity+CoreDataClass.swift */; };
		16C886D027A6D3A2002BED49 /* SearchResultEntity+CoreDataProperties.swift in Sources */ = {isa = PBXBuildFile; fileRef = 16C886CE27A6D3A2002BED49 /* SearchResultEntity+CoreDataProperties.swift */; };
		16C886D227A6D4C5002BED49 /* CoreDataHelper.swift in Sources */ = {isa = PBXBuildFile; fileRef = 16C886D127A6D4C5002BED49 /* CoreDataHelper.swift */; };
		16E9332827A59A6C003220D9 /* APIRequest.swift in Sources */ = {isa = PBXBuildFile; fileRef = 16E9332727A59A6C003220D9 /* APIRequest.swift */; };
		16E9332A27A59AAF003220D9 /* FindImageRequest.swift in Sources */ = {isa = PBXBuildFile; fileRef = 16E9332927A59AAF003220D9 /* FindImageRequest.swift */; };
		16E9332C27A59BD8003220D9 /* APIClient.swift in Sources */ = {isa = PBXBuildFile; fileRef = 16E9332B27A59BD8003220D9 /* APIClient.swift */; };
		16E9332E27A5A2D5003220D9 /* PrivateKeys.swift in Sources */ = {isa = PBXBuildFile; fileRef = 16E9332D27A5A2D5003220D9 /* PrivateKeys.swift */; };
		16E9333127A5A5DE003220D9 /* UnsplashModel.swift in Sources */ = {isa = PBXBuildFile; fileRef = 16E9333027A5A5DE003220D9 /* UnsplashModel.swift */; };
		BFA66885D9796F8763B48843 /* Pods_ZavenQr.framework in Frameworks */ = {isa = PBXBuildFile; fileRef = ABDE782A24ED19F7DA52ED96 /* Pods_ZavenQr.framework */; };
/* End PBXBuildFile section */

/* Begin PBXFileReference section */
		1699853827A1ABF200D08774 /* ZavenQr.app */ = {isa = PBXFileReference; explicitFileType = wrapper.application; includeInIndex = 0; path = ZavenQr.app; sourceTree = BUILT_PRODUCTS_DIR; };
		1699853B27A1ABF300D08774 /* AppDelegate.swift */ = {isa = PBXFileReference; lastKnownFileType = sourcecode.swift; path = AppDelegate.swift; sourceTree = "<group>"; };
		1699853D27A1ABF300D08774 /* SceneDelegate.swift */ = {isa = PBXFileReference; lastKnownFileType = sourcecode.swift; path = SceneDelegate.swift; sourceTree = "<group>"; };
		1699853F27A1ABF300D08774 /* ScannerViewController.swift */ = {isa = PBXFileReference; lastKnownFileType = sourcecode.swift; path = ScannerViewController.swift; sourceTree = "<group>"; };
		1699854427A1ABF400D08774 /* Assets.xcassets */ = {isa = PBXFileReference; lastKnownFileType = folder.assetcatalog; path = Assets.xcassets; sourceTree = "<group>"; };
		1699854727A1ABF400D08774 /* Base */ = {isa = PBXFileReference; lastKnownFileType = file.storyboard; name = Base; path = Base.lproj/LaunchScreen.storyboard; sourceTree = "<group>"; };
		1699854927A1ABF400D08774 /* Info.plist */ = {isa = PBXFileReference; lastKnownFileType = text.plist.xml; path = Info.plist; sourceTree = "<group>"; };
		1699855327A1D5CE00D08774 /* Coordinator.swift */ = {isa = PBXFileReference; lastKnownFileType = sourcecode.swift; path = Coordinator.swift; sourceTree = "<group>"; };
		1699855927A1DB4600D08774 /* ScannerCoordinator.swift */ = {isa = PBXFileReference; lastKnownFileType = sourcecode.swift; path = ScannerCoordinator.swift; sourceTree = "<group>"; };
		16BC5C5B27A32D8200260921 /* ScannerViewModel.swift */ = {isa = PBXFileReference; lastKnownFileType = sourcecode.swift; path = ScannerViewModel.swift; sourceTree = "<group>"; };
		16C886BF27A6D2C3002BED49 /* UnsplashCoreData.xcdatamodel */ = {isa = PBXFileReference; lastKnownFileType = wrapper.xcdatamodel; path = UnsplashCoreData.xcdatamodel; sourceTree = "<group>"; };
		16C886CD27A6D3A2002BED49 /* SearchResultEntity+CoreDataClass.swift */ = {isa = PBXFileReference; fileEncoding = 4; lastKnownFileType = sourcecode.swift; path = "SearchResultEntity+CoreDataClass.swift"; sourceTree = "<group>"; };
		16C886CE27A6D3A2002BED49 /* SearchResultEntity+CoreDataProperties.swift */ = {isa = PBXFileReference; fileEncoding = 4; lastKnownFileType = sourcecode.swift; path = "SearchResultEntity+CoreDataProperties.swift"; sourceTree = "<group>"; };
		16C886D127A6D4C5002BED49 /* CoreDataHelper.swift */ = {isa = PBXFileReference; lastKnownFileType = sourcecode.swift; path = CoreDataHelper.swift; sourceTree = "<group>"; };
		16E9332727A59A6C003220D9 /* APIRequest.swift */ = {isa = PBXFileReference; lastKnownFileType = sourcecode.swift; path = APIRequest.swift; sourceTree = "<group>"; };
		16E9332927A59AAF003220D9 /* FindImageRequest.swift */ = {isa = PBXFileReference; lastKnownFileType = sourcecode.swift; path = FindImageRequest.swift; sourceTree = "<group>"; };
		16E9332B27A59BD8003220D9 /* APIClient.swift */ = {isa = PBXFileReference; lastKnownFileType = sourcecode.swift; path = APIClient.swift; sourceTree = "<group>"; };
		16E9332D27A5A2D5003220D9 /* PrivateKeys.swift */ = {isa = PBXFileReference; lastKnownFileType = sourcecode.swift; path = PrivateKeys.swift; sourceTree = "<group>"; };
		16E9333027A5A5DE003220D9 /* UnsplashModel.swift */ = {isa = PBXFileReference; lastKnownFileType = sourcecode.swift; path = UnsplashModel.swift; sourceTree = "<group>"; };
		3508F98AECE7768EEDFC1229 /* Pods-ZavenQr.release.xcconfig */ = {isa = PBXFileReference; includeInIndex = 1; lastKnownFileType = text.xcconfig; name = "Pods-ZavenQr.release.xcconfig"; path = "Target Support Files/Pods-ZavenQr/Pods-ZavenQr.release.xcconfig"; sourceTree = "<group>"; };
		6BA680F630D870F5750313E8 /* Pods-ZavenQr.debug.xcconfig */ = {isa = PBXFileReference; includeInIndex = 1; lastKnownFileType = text.xcconfig; name = "Pods-ZavenQr.debug.xcconfig"; path = "Target Support Files/Pods-ZavenQr/Pods-ZavenQr.debug.xcconfig"; sourceTree = "<group>"; };
		ABDE782A24ED19F7DA52ED96 /* Pods_ZavenQr.framework */ = {isa = PBXFileReference; explicitFileType = wrapper.framework; includeInIndex = 0; path = Pods_ZavenQr.framework; sourceTree = BUILT_PRODUCTS_DIR; };
/* End PBXFileReference section */

/* Begin PBXFrameworksBuildPhase section */
		1699853527A1ABF200D08774 /* Frameworks */ = {
			isa = PBXFrameworksBuildPhase;
			buildActionMask = 2147483647;
			files = (
				BFA66885D9796F8763B48843 /* Pods_ZavenQr.framework in Frameworks */,
			);
			runOnlyForDeploymentPostprocessing = 0;
		};
/* End PBXFrameworksBuildPhase section */

/* Begin PBXGroup section */
		1699852F27A1ABF200D08774 = {
			isa = PBXGroup;
			children = (
				1699853A27A1ABF200D08774 /* ZavenQr */,
				1699853927A1ABF200D08774 /* Products */,
				B46793D21D95967E931B26A9 /* Pods */,
				FBDF77650DF97A1BF23AC6A7 /* Frameworks */,
			);
			sourceTree = "<group>";
		};
		1699853927A1ABF200D08774 /* Products */ = {
			isa = PBXGroup;
			children = (
				1699853827A1ABF200D08774 /* ZavenQr.app */,
			);
			name = Products;
			sourceTree = "<group>";
		};
		1699853A27A1ABF200D08774 /* ZavenQr */ = {
			isa = PBXGroup;
			children = (
				1699855527A1D5FB00D08774 /* AppStart */,
				1699854427A1ABF400D08774 /* Assets.xcassets */,
				16C886BD27A6D2AC002BED49 /* CoreData */,
				1699854927A1ABF400D08774 /* Info.plist */,
				16E9332F27A5A5D0003220D9 /* Model */,
				16E9332227A598F7003220D9 /* Networking */,
				1699855227A1D5C200D08774 /* Protocols */,
				1699855027A1D55600D08774 /* Scanner */,
			);
			path = ZavenQr;
			sourceTree = "<group>";
		};
		1699855027A1D55600D08774 /* Scanner */ = {
			isa = PBXGroup;
			children = (
				1699855927A1DB4600D08774 /* ScannerCoordinator.swift */,
				1699853F27A1ABF300D08774 /* ScannerViewController.swift */,
				16BC5C5B27A32D8200260921 /* ScannerViewModel.swift */,
			);
			path = Scanner;
			sourceTree = "<group>";
		};
		1699855227A1D5C200D08774 /* Protocols */ = {
			isa = PBXGroup;
			children = (
				1699855327A1D5CE00D08774 /* Coordinator.swift */,
			);
			path = Protocols;
			sourceTree = "<group>";
		};
		1699855527A1D5FB00D08774 /* AppStart */ = {
			isa = PBXGroup;
			children = (
				1699854627A1ABF400D08774 /* LaunchScreen.storyboard */,
				1699853B27A1ABF300D08774 /* AppDelegate.swift */,
				1699853D27A1ABF300D08774 /* SceneDelegate.swift */,
			);
			path = AppStart;
			sourceTree = "<group>";
		};
		16C886BD27A6D2AC002BED49 /* CoreData */ = {
			isa = PBXGroup;
			children = (
				16C886D127A6D4C5002BED49 /* CoreDataHelper.swift */,
				16C886CD27A6D3A2002BED49 /* SearchResultEntity+CoreDataClass.swift */,
				16C886CE27A6D3A2002BED49 /* SearchResultEntity+CoreDataProperties.swift */,
				16C886BE27A6D2C3002BED49 /* UnsplashCoreData.xcdatamodeld */,
			);
			path = CoreData;
			sourceTree = "<group>";
		};
		16E9332227A598F7003220D9 /* Networking */ = {
			isa = PBXGroup;
			children = (
				16E9332B27A59BD8003220D9 /* APIClient.swift */,
				16E9332727A59A6C003220D9 /* APIRequest.swift */,
				16E9332927A59AAF003220D9 /* FindImageRequest.swift */,
				16E9332D27A5A2D5003220D9 /* PrivateKeys.swift */,
			);
			path = Networking;
			sourceTree = "<group>";
		};
		16E9332F27A5A5D0003220D9 /* Model */ = {
			isa = PBXGroup;
			children = (
				16E9333027A5A5DE003220D9 /* UnsplashModel.swift */,
			);
			path = Model;
			sourceTree = "<group>";
		};
		B46793D21D95967E931B26A9 /* Pods */ = {
			isa = PBXGroup;
			children = (
				6BA680F630D870F5750313E8 /* Pods-ZavenQr.debug.xcconfig */,
				3508F98AECE7768EEDFC1229 /* Pods-ZavenQr.release.xcconfig */,
			);
			path = Pods;
			sourceTree = "<group>";
		};
		FBDF77650DF97A1BF23AC6A7 /* Frameworks */ = {
			isa = PBXGroup;
			children = (
				ABDE782A24ED19F7DA52ED96 /* Pods_ZavenQr.framework */,
			);
			name = Frameworks;
			sourceTree = "<group>";
		};
/* End PBXGroup section */

/* Begin PBXNativeTarget section */
		1699853727A1ABF200D08774 /* ZavenQr */ = {
			isa = PBXNativeTarget;
			buildConfigurationList = 1699854C27A1ABF400D08774 /* Build configuration list for PBXNativeTarget "ZavenQr" */;
			buildPhases = (
				5622F07BC5CD5571EC4291F3 /* [CP] Check Pods Manifest.lock */,
				1699853427A1ABF200D08774 /* Sources */,
				1699853527A1ABF200D08774 /* Frameworks */,
				1699853627A1ABF200D08774 /* Resources */,
				1699854F27A1AD6600D08774 /* SwiftLint */,
				9D6C66C64CBA0A949FD7F8E9 /* [CP] Embed Pods Frameworks */,
			);
			buildRules = (
			);
			dependencies = (
			);
			name = ZavenQr;
			productName = ZavenQr;
			productReference = 1699853827A1ABF200D08774 /* ZavenQr.app */;
			productType = "com.apple.product-type.application";
		};
/* End PBXNativeTarget section */

/* Begin PBXProject section */
		1699853027A1ABF200D08774 /* Project object */ = {
			isa = PBXProject;
			attributes = {
				BuildIndependentTargetsInParallel = 1;
				LastSwiftUpdateCheck = 1320;
				LastUpgradeCheck = 1320;
				TargetAttributes = {
					1699853727A1ABF200D08774 = {
						CreatedOnToolsVersion = 13.2;
					};
				};
			};
			buildConfigurationList = 1699853327A1ABF200D08774 /* Build configuration list for PBXProject "ZavenQr" */;
			compatibilityVersion = "Xcode 13.0";
			developmentRegion = en;
			hasScannedForEncodings = 0;
			knownRegions = (
				en,
				Base,
			);
			mainGroup = 1699852F27A1ABF200D08774;
			productRefGroup = 1699853927A1ABF200D08774 /* Products */;
			projectDirPath = "";
			projectRoot = "";
			targets = (
				1699853727A1ABF200D08774 /* ZavenQr */,
			);
		};
/* End PBXProject section */

/* Begin PBXResourcesBuildPhase section */
		1699853627A1ABF200D08774 /* Resources */ = {
			isa = PBXResourcesBuildPhase;
			buildActionMask = 2147483647;
			files = (
				1699854827A1ABF400D08774 /* LaunchScreen.storyboard in Resources */,
				1699854527A1ABF400D08774 /* Assets.xcassets in Resources */,
			);
			runOnlyForDeploymentPostprocessing = 0;
		};
/* End PBXResourcesBuildPhase section */

/* Begin PBXShellScriptBuildPhase section */
		1699854F27A1AD6600D08774 /* SwiftLint */ = {
			isa = PBXShellScriptBuildPhase;
			buildActionMask = 2147483647;
			files = (
			);
			inputFileListPaths = (
			);
			inputPaths = (
			);
			name = SwiftLint;
			outputFileListPaths = (
			);
			outputPaths = (
			);
			runOnlyForDeploymentPostprocessing = 0;
			shellPath = /bin/sh;
			shellScript = "export PATH=\"$PATH:/opt/homebrew/bin\"\n\nif which swiftlint >/dev/null; then\n  swiftlint\nelse\n  echo \"warning: SwiftLint not installed, download from https://github.com/realm/SwiftLint\"\nfi\n";
		};
		5622F07BC5CD5571EC4291F3 /* [CP] Check Pods Manifest.lock */ = {
			isa = PBXShellScriptBuildPhase;
			buildActionMask = 2147483647;
			files = (
			);
			inputFileListPaths = (
			);
			inputPaths = (
				"${PODS_PODFILE_DIR_PATH}/Podfile.lock",
				"${PODS_ROOT}/Manifest.lock",
			);
			name = "[CP] Check Pods Manifest.lock";
			outputFileListPaths = (
			);
			outputPaths = (
				"$(DERIVED_FILE_DIR)/Pods-ZavenQr-checkManifestLockResult.txt",
			);
			runOnlyForDeploymentPostprocessing = 0;
			shellPath = /bin/sh;
			shellScript = "diff \"${PODS_PODFILE_DIR_PATH}/Podfile.lock\" \"${PODS_ROOT}/Manifest.lock\" > /dev/null\nif [ $? != 0 ] ; then\n    # print error to STDERR\n    echo \"error: The sandbox is not in sync with the Podfile.lock. Run 'pod install' or update your CocoaPods installation.\" >&2\n    exit 1\nfi\n# This output is used by Xcode 'outputs' to avoid re-running this script phase.\necho \"SUCCESS\" > \"${SCRIPT_OUTPUT_FILE_0}\"\n";
			showEnvVarsInLog = 0;
		};
		9D6C66C64CBA0A949FD7F8E9 /* [CP] Embed Pods Frameworks */ = {
			isa = PBXShellScriptBuildPhase;
			buildActionMask = 2147483647;
			files = (
			);
			inputFileListPaths = (
				"${PODS_ROOT}/Target Support Files/Pods-ZavenQr/Pods-ZavenQr-frameworks-${CONFIGURATION}-input-files.xcfilelist",
			);
			name = "[CP] Embed Pods Frameworks";
			outputFileListPaths = (
				"${PODS_ROOT}/Target Support Files/Pods-ZavenQr/Pods-ZavenQr-frameworks-${CONFIGURATION}-output-files.xcfilelist",
			);
			runOnlyForDeploymentPostprocessing = 0;
			shellPath = /bin/sh;
			shellScript = "\"${PODS_ROOT}/Target Support Files/Pods-ZavenQr/Pods-ZavenQr-frameworks.sh\"\n";
			showEnvVarsInLog = 0;
		};
/* End PBXShellScriptBuildPhase section */

/* Begin PBXSourcesBuildPhase section */
		1699853427A1ABF200D08774 /* Sources */ = {
			isa = PBXSourcesBuildPhase;
			buildActionMask = 2147483647;
			files = (
				16C886D227A6D4C5002BED49 /* CoreDataHelper.swift in Sources */,
				1699855427A1D5CE00D08774 /* Coordinator.swift in Sources */,
				16BC5C5C27A32D8200260921 /* ScannerViewModel.swift in Sources */,
				1699855A27A1DB4600D08774 /* ScannerCoordinator.swift in Sources */,
				16C886D027A6D3A2002BED49 /* SearchResultEntity+CoreDataProperties.swift in Sources */,
				1699854027A1ABF300D08774 /* ScannerViewController.swift in Sources */,
				1699853C27A1ABF300D08774 /* AppDelegate.swift in Sources */,
				16E9332E27A5A2D5003220D9 /* PrivateKeys.swift in Sources */,
				16C886C027A6D2C3002BED49 /* UnsplashCoreData.xcdatamodeld in Sources */,
				16E9332A27A59AAF003220D9 /* FindImageRequest.swift in Sources */,
				16E9332827A59A6C003220D9 /* APIRequest.swift in Sources */,
				1699853E27A1ABF300D08774 /* SceneDelegate.swift in Sources */,
				16C886CF27A6D3A2002BED49 /* SearchResultEntity+CoreDataClass.swift in Sources */,
				16E9333127A5A5DE003220D9 /* UnsplashModel.swift in Sources */,
				16E9332C27A59BD8003220D9 /* APIClient.swift in Sources */,
			);
			runOnlyForDeploymentPostprocessing = 0;
		};
/* End PBXSourcesBuildPhase section */

/* Begin PBXVariantGroup section */
		1699854627A1ABF400D08774 /* LaunchScreen.storyboard */ = {
			isa = PBXVariantGroup;
			children = (
				1699854727A1ABF400D08774 /* Base */,
			);
			name = LaunchScreen.storyboard;
			sourceTree = "<group>";
		};
/* End PBXVariantGroup section */

/* Begin XCBuildConfiguration section */
		1699854A27A1ABF400D08774 /* Debug */ = {
			isa = XCBuildConfiguration;
			buildSettings = {
				ALWAYS_SEARCH_USER_PATHS = NO;
				CLANG_ANALYZER_NONNULL = YES;
				CLANG_ANALYZER_NUMBER_OBJECT_CONVERSION = YES_AGGRESSIVE;
				CLANG_CXX_LANGUAGE_STANDARD = "gnu++17";
				CLANG_CXX_LIBRARY = "libc++";
				CLANG_ENABLE_MODULES = YES;
				CLANG_ENABLE_OBJC_ARC = YES;
				CLANG_ENABLE_OBJC_WEAK = YES;
				CLANG_WARN_BLOCK_CAPTURE_AUTORELEASING = YES;
				CLANG_WARN_BOOL_CONVERSION = YES;
				CLANG_WARN_COMMA = YES;
				CLANG_WARN_CONSTANT_CONVERSION = YES;
				CLANG_WARN_DEPRECATED_OBJC_IMPLEMENTATIONS = YES;
				CLANG_WARN_DIRECT_OBJC_ISA_USAGE = YES_ERROR;
				CLANG_WARN_DOCUMENTATION_COMMENTS = YES;
				CLANG_WARN_EMPTY_BODY = YES;
				CLANG_WARN_ENUM_CONVERSION = YES;
				CLANG_WARN_INFINITE_RECURSION = YES;
				CLANG_WARN_INT_CONVERSION = YES;
				CLANG_WARN_NON_LITERAL_NULL_CONVERSION = YES;
				CLANG_WARN_OBJC_IMPLICIT_RETAIN_SELF = YES;
				CLANG_WARN_OBJC_LITERAL_CONVERSION = YES;
				CLANG_WARN_OBJC_ROOT_CLASS = YES_ERROR;
				CLANG_WARN_QUOTED_INCLUDE_IN_FRAMEWORK_HEADER = YES;
				CLANG_WARN_RANGE_LOOP_ANALYSIS = YES;
				CLANG_WARN_STRICT_PROTOTYPES = YES;
				CLANG_WARN_SUSPICIOUS_MOVE = YES;
				CLANG_WARN_UNGUARDED_AVAILABILITY = YES_AGGRESSIVE;
				CLANG_WARN_UNREACHABLE_CODE = YES;
				CLANG_WARN__DUPLICATE_METHOD_MATCH = YES;
				COPY_PHASE_STRIP = NO;
				DEBUG_INFORMATION_FORMAT = dwarf;
				ENABLE_STRICT_OBJC_MSGSEND = YES;
				ENABLE_TESTABILITY = YES;
				GCC_C_LANGUAGE_STANDARD = gnu11;
				GCC_DYNAMIC_NO_PIC = NO;
				GCC_NO_COMMON_BLOCKS = YES;
				GCC_OPTIMIZATION_LEVEL = 0;
				GCC_PREPROCESSOR_DEFINITIONS = (
					"DEBUG=1",
					"$(inherited)",
				);
				GCC_WARN_64_TO_32_BIT_CONVERSION = YES;
				GCC_WARN_ABOUT_RETURN_TYPE = YES_ERROR;
				GCC_WARN_UNDECLARED_SELECTOR = YES;
				GCC_WARN_UNINITIALIZED_AUTOS = YES_AGGRESSIVE;
				GCC_WARN_UNUSED_FUNCTION = YES;
				GCC_WARN_UNUSED_VARIABLE = YES;
				IPHONEOS_DEPLOYMENT_TARGET = 15.2;
				MTL_ENABLE_DEBUG_INFO = INCLUDE_SOURCE;
				MTL_FAST_MATH = YES;
				ONLY_ACTIVE_ARCH = YES;
				SDKROOT = iphoneos;
				SWIFT_ACTIVE_COMPILATION_CONDITIONS = DEBUG;
				SWIFT_OPTIMIZATION_LEVEL = "-Onone";
			};
			name = Debug;
		};
		1699854B27A1ABF400D08774 /* Release */ = {
			isa = XCBuildConfiguration;
			buildSettings = {
				ALWAYS_SEARCH_USER_PATHS = NO;
				CLANG_ANALYZER_NONNULL = YES;
				CLANG_ANALYZER_NUMBER_OBJECT_CONVERSION = YES_AGGRESSIVE;
				CLANG_CXX_LANGUAGE_STANDARD = "gnu++17";
				CLANG_CXX_LIBRARY = "libc++";
				CLANG_ENABLE_MODULES = YES;
				CLANG_ENABLE_OBJC_ARC = YES;
				CLANG_ENABLE_OBJC_WEAK = YES;
				CLANG_WARN_BLOCK_CAPTURE_AUTORELEASING = YES;
				CLANG_WARN_BOOL_CONVERSION = YES;
				CLANG_WARN_COMMA = YES;
				CLANG_WARN_CONSTANT_CONVERSION = YES;
				CLANG_WARN_DEPRECATED_OBJC_IMPLEMENTATIONS = YES;
				CLANG_WARN_DIRECT_OBJC_ISA_USAGE = YES_ERROR;
				CLANG_WARN_DOCUMENTATION_COMMENTS = YES;
				CLANG_WARN_EMPTY_BODY = YES;
				CLANG_WARN_ENUM_CONVERSION = YES;
				CLANG_WARN_INFINITE_RECURSION = YES;
				CLANG_WARN_INT_CONVERSION = YES;
				CLANG_WARN_NON_LITERAL_NULL_CONVERSION = YES;
				CLANG_WARN_OBJC_IMPLICIT_RETAIN_SELF = YES;
				CLANG_WARN_OBJC_LITERAL_CONVERSION = YES;
				CLANG_WARN_OBJC_ROOT_CLASS = YES_ERROR;
				CLANG_WARN_QUOTED_INCLUDE_IN_FRAMEWORK_HEADER = YES;
				CLANG_WARN_RANGE_LOOP_ANALYSIS = YES;
				CLANG_WARN_STRICT_PROTOTYPES = YES;
				CLANG_WARN_SUSPICIOUS_MOVE = YES;
				CLANG_WARN_UNGUARDED_AVAILABILITY = YES_AGGRESSIVE;
				CLANG_WARN_UNREACHABLE_CODE = YES;
				CLANG_WARN__DUPLICATE_METHOD_MATCH = YES;
				COPY_PHASE_STRIP = NO;
				DEBUG_INFORMATION_FORMAT = "dwarf-with-dsym";
				ENABLE_NS_ASSERTIONS = NO;
				ENABLE_STRICT_OBJC_MSGSEND = YES;
				GCC_C_LANGUAGE_STANDARD = gnu11;
				GCC_NO_COMMON_BLOCKS = YES;
				GCC_WARN_64_TO_32_BIT_CONVERSION = YES;
				GCC_WARN_ABOUT_RETURN_TYPE = YES_ERROR;
				GCC_WARN_UNDECLARED_SELECTOR = YES;
				GCC_WARN_UNINITIALIZED_AUTOS = YES_AGGRESSIVE;
				GCC_WARN_UNUSED_FUNCTION = YES;
				GCC_WARN_UNUSED_VARIABLE = YES;
				IPHONEOS_DEPLOYMENT_TARGET = 15.2;
				MTL_ENABLE_DEBUG_INFO = NO;
				MTL_FAST_MATH = YES;
				SDKROOT = iphoneos;
				SWIFT_COMPILATION_MODE = wholemodule;
				SWIFT_OPTIMIZATION_LEVEL = "-O";
				VALIDATE_PRODUCT = YES;
			};
			name = Release;
		};
		1699854D27A1ABF400D08774 /* Debug */ = {
			isa = XCBuildConfiguration;
			baseConfigurationReference = 6BA680F630D870F5750313E8 /* Pods-ZavenQr.debug.xcconfig */;
			buildSettings = {
				ASSETCATALOG_COMPILER_APPICON_NAME = AppIcon;
				ASSETCATALOG_COMPILER_GLOBAL_ACCENT_COLOR_NAME = AccentColor;
				CODE_SIGN_STYLE = Automatic;
				CURRENT_PROJECT_VERSION = 1;
				DEVELOPMENT_TEAM = 9AB3Z82UPH;
				GENERATE_INFOPLIST_FILE = YES;
				INFOPLIST_FILE = ZavenQr/Info.plist;
				INFOPLIST_KEY_NSCameraUsageDescription = "We must access the camera to scan qr codes.";
				INFOPLIST_KEY_UIApplicationSupportsIndirectInputEvents = YES;
				INFOPLIST_KEY_UILaunchStoryboardName = LaunchScreen;
				INFOPLIST_KEY_UISupportedInterfaceOrientations_iPad = "UIInterfaceOrientationPortrait UIInterfaceOrientationPortraitUpsideDown UIInterfaceOrientationLandscapeLeft UIInterfaceOrientationLandscapeRight";
				INFOPLIST_KEY_UISupportedInterfaceOrientations_iPhone = "UIInterfaceOrientationPortrait UIInterfaceOrientationLandscapeLeft UIInterfaceOrientationLandscapeRight";
				LD_RUNPATH_SEARCH_PATHS = (
					"$(inherited)",
					"@executable_path/Frameworks",
				);
				MARKETING_VERSION = 1.0;
				PRODUCT_BUNDLE_IDENTIFIER = qyzdo.ZavenQr;
				PRODUCT_NAME = "$(TARGET_NAME)";
				SWIFT_EMIT_LOC_STRINGS = YES;
				SWIFT_VERSION = 5.0;
				TARGETED_DEVICE_FAMILY = "1,2";
			};
			name = Debug;
		};
		1699854E27A1ABF400D08774 /* Release */ = {
			isa = XCBuildConfiguration;
			baseConfigurationReference = 3508F98AECE7768EEDFC1229 /* Pods-ZavenQr.release.xcconfig */;
			buildSettings = {
				ASSETCATALOG_COMPILER_APPICON_NAME = AppIcon;
				ASSETCATALOG_COMPILER_GLOBAL_ACCENT_COLOR_NAME = AccentColor;
				CODE_SIGN_STYLE = Automatic;
				CURRENT_PROJECT_VERSION = 1;
				DEVELOPMENT_TEAM = 9AB3Z82UPH;
				GENERATE_INFOPLIST_FILE = YES;
				INFOPLIST_FILE = ZavenQr/Info.plist;
				INFOPLIST_KEY_NSCameraUsageDescription = "We must access the camera to scan qr codes.";
				INFOPLIST_KEY_UIApplicationSupportsIndirectInputEvents = YES;
				INFOPLIST_KEY_UILaunchStoryboardName = LaunchScreen;
				INFOPLIST_KEY_UISupportedInterfaceOrientations_iPad = "UIInterfaceOrientationPortrait UIInterfaceOrientationPortraitUpsideDown UIInterfaceOrientationLandscapeLeft UIInterfaceOrientationLandscapeRight";
				INFOPLIST_KEY_UISupportedInterfaceOrientations_iPhone = "UIInterfaceOrientationPortrait UIInterfaceOrientationLandscapeLeft UIInterfaceOrientationLandscapeRight";
				LD_RUNPATH_SEARCH_PATHS = (
					"$(inherited)",
					"@executable_path/Frameworks",
				);
				MARKETING_VERSION = 1.0;
				PRODUCT_BUNDLE_IDENTIFIER = qyzdo.ZavenQr;
				PRODUCT_NAME = "$(TARGET_NAME)";
				SWIFT_EMIT_LOC_STRINGS = YES;
				SWIFT_VERSION = 5.0;
				TARGETED_DEVICE_FAMILY = "1,2";
			};
			name = Release;
		};
/* End XCBuildConfiguration section */

/* Begin XCConfigurationList section */
		1699853327A1ABF200D08774 /* Build configuration list for PBXProject "ZavenQr" */ = {
			isa = XCConfigurationList;
			buildConfigurations = (
				1699854A27A1ABF400D08774 /* Debug */,
				1699854B27A1ABF400D08774 /* Release */,
			);
			defaultConfigurationIsVisible = 0;
			defaultConfigurationName = Release;
		};
		1699854C27A1ABF400D08774 /* Build configuration list for PBXNativeTarget "ZavenQr" */ = {
			isa = XCConfigurationList;
			buildConfigurations = (
				1699854D27A1ABF400D08774 /* Debug */,
				1699854E27A1ABF400D08774 /* Release */,
			);
			defaultConfigurationIsVisible = 0;
			defaultConfigurationName = Release;
		};
/* End XCConfigurationList section */

/* Begin XCVersionGroup section */
		16C886BE27A6D2C3002BED49 /* UnsplashCoreData.xcdatamodeld */ = {
			isa = XCVersionGroup;
			children = (
				16C886BF27A6D2C3002BED49 /* UnsplashCoreData.xcdatamodel */,
			);
			currentVersion = 16C886BF27A6D2C3002BED49 /* UnsplashCoreData.xcdatamodel */;
			path = UnsplashCoreData.xcdatamodeld;
			sourceTree = "<group>";
			versionGroupType = wrapper.xcdatamodel;
		};
/* End XCVersionGroup section */
	};
	rootObject = 1699853027A1ABF200D08774 /* Project object */;
}
